// !$*UTF8*$!
{
	archiveVersion = 1;
	classes = {
	};
	objectVersion = 46;
	objects = {

/* Begin PBXBuildFile section */
		E7FA70FD1CBC9A2900C74D1B /* main.m in Sources */ = {isa = PBXBuildFile; fileRef = E7FA70FC1CBC9A2900C74D1B /* main.m */; };
		E7FA71001CBC9A2900C74D1B /* AppDelegate.m in Sources */ = {isa = PBXBuildFile; fileRef = E7FA70FF1CBC9A2900C74D1B /* AppDelegate.m */; };
		E7FA71031CBC9A2900C74D1B /* ViewController.m in Sources */ = {isa = PBXBuildFile; fileRef = E7FA71021CBC9A2900C74D1B /* ViewController.m */; };
		E7FA71061CBC9A2900C74D1B /* Main.storyboard in Resources */ = {isa = PBXBuildFile; fileRef = E7FA71041CBC9A2900C74D1B /* Main.storyboard */; };
		E7FA71081CBC9A2900C74D1B /* Assets.xcassets in Resources */ = {isa = PBXBuildFile; fileRef = E7FA71071CBC9A2900C74D1B /* Assets.xcassets */; };
		E7FA710B1CBC9A2900C74D1B /* LaunchScreen.storyboard in Resources */ = {isa = PBXBuildFile; fileRef = E7FA71091CBC9A2900C74D1B /* LaunchScreen.storyboard */; };
		E7FA71161CBC9A2900C74D1B /* AutolayoutMulTests.m in Sources */ = {isa = PBXBuildFile; fileRef = E7FA71151CBC9A2900C74D1B /* AutolayoutMulTests.m */; };
		E7FA71211CBC9A2900C74D1B /* AutolayoutMulUITests.m in Sources */ = {isa = PBXBuildFile; fileRef = E7FA71201CBC9A2900C74D1B /* AutolayoutMulUITests.m */; };
		E7FA71301CBD2D8E00C74D1B /* TableViewController.m in Sources */ = {isa = PBXBuildFile; fileRef = E7FA712F1CBD2D8E00C74D1B /* TableViewController.m */; };
		E7FA713E1CBE51D200C74D1B /* MBButtonWithFontAdapter.m in Sources */ = {isa = PBXBuildFile; fileRef = E7FA71341CBE51D200C74D1B /* MBButtonWithFontAdapter.m */; };
		E7FA713F1CBE51D200C74D1B /* MBLabelWithFontAdapter.m in Sources */ = {isa = PBXBuildFile; fileRef = E7FA71361CBE51D200C74D1B /* MBLabelWithFontAdapter.m */; };
		E7FA71401CBE51D200C74D1B /* MBTextFieldWithFontAdapter.m in Sources */ = {isa = PBXBuildFile; fileRef = E7FA71381CBE51D200C74D1B /* MBTextFieldWithFontAdapter.m */; };
		E7FA71411CBE51D200C74D1B /* MBTextViewWithFontAdapter.m in Sources */ = {isa = PBXBuildFile; fileRef = E7FA713A1CBE51D200C74D1B /* MBTextViewWithFontAdapter.m */; };
		E7FA71421CBE51D200C74D1B /* MBFontAdapter.m in Sources */ = {isa = PBXBuildFile; fileRef = E7FA713D1CBE51D200C74D1B /* MBFontAdapter.m */; };
/* End PBXBuildFile section */

/* Begin PBXContainerItemProxy section */
		E7FA71121CBC9A2900C74D1B /* PBXContainerItemProxy */ = {
			isa = PBXContainerItemProxy;
			containerPortal = E7FA70F01CBC9A2900C74D1B /* Project object */;
			proxyType = 1;
			remoteGlobalIDString = E7FA70F71CBC9A2900C74D1B;
			remoteInfo = AutolayoutMul;
		};
		E7FA711D1CBC9A2900C74D1B /* PBXContainerItemProxy */ = {
			isa = PBXContainerItemProxy;
			containerPortal = E7FA70F01CBC9A2900C74D1B /* Project object */;
			proxyType = 1;
			remoteGlobalIDString = E7FA70F71CBC9A2900C74D1B;
			remoteInfo = AutolayoutMul;
		};
/* End PBXContainerItemProxy section */

/* Begin PBXFileReference section */
		E7FA70F81CBC9A2900C74D1B /* AutolayoutMul.app */ = {isa = PBXFileReference; explicitFileType = wrapper.application; includeInIndex = 0; path = AutolayoutMul.app; sourceTree = BUILT_PRODUCTS_DIR; };
		E7FA70FC1CBC9A2900C74D1B /* main.m */ = {isa = PBXFileReference; lastKnownFileType = sourcecode.c.objc; path = main.m; sourceTree = "<group>"; };
		E7FA70FE1CBC9A2900C74D1B /* AppDelegate.h */ = {isa = PBXFileReference; lastKnownFileType = sourcecode.c.h; path = AppDelegate.h; sourceTree = "<group>"; };
		E7FA70FF1CBC9A2900C74D1B /* AppDelegate.m */ = {isa = PBXFileReference; lastKnownFileType = sourcecode.c.objc; path = AppDelegate.m; sourceTree = "<group>"; };
		E7FA71011CBC9A2900C74D1B /* ViewController.h */ = {isa = PBXFileReference; lastKnownFileType = sourcecode.c.h; path = ViewController.h; sourceTree = "<group>"; };
		E7FA71021CBC9A2900C74D1B /* ViewController.m */ = {isa = PBXFileReference; lastKnownFileType = sourcecode.c.objc; path = ViewController.m; sourceTree = "<group>"; };
		E7FA71051CBC9A2900C74D1B /* Base */ = {isa = PBXFileReference; lastKnownFileType = file.storyboard; name = Base; path = Base.lproj/Main.storyboard; sourceTree = "<group>"; };
		E7FA71071CBC9A2900C74D1B /* Assets.xcassets */ = {isa = PBXFileReference; lastKnownFileType = folder.assetcatalog; path = Assets.xcassets; sourceTree = "<group>"; };
		E7FA710A1CBC9A2900C74D1B /* Base */ = {isa = PBXFileReference; lastKnownFileType = file.storyboard; name = Base; path = Base.lproj/LaunchScreen.storyboard; sourceTree = "<group>"; };
		E7FA710C1CBC9A2900C74D1B /* Info.plist */ = {isa = PBXFileReference; lastKnownFileType = text.plist.xml; path = Info.plist; sourceTree = "<group>"; };
		E7FA71111CBC9A2900C74D1B /* AutolayoutMulTests.xctest */ = {isa = PBXFileReference; explicitFileType = wrapper.cfbundle; includeInIndex = 0; path = AutolayoutMulTests.xctest; sourceTree = BUILT_PRODUCTS_DIR; };
		E7FA71151CBC9A2900C74D1B /* AutolayoutMulTests.m */ = {isa = PBXFileReference; lastKnownFileType = sourcecode.c.objc; path = AutolayoutMulTests.m; sourceTree = "<group>"; };
		E7FA71171CBC9A2900C74D1B /* Info.plist */ = {isa = PBXFileReference; lastKnownFileType = text.plist.xml; path = Info.plist; sourceTree = "<group>"; };
		E7FA711C1CBC9A2900C74D1B /* AutolayoutMulUITests.xctest */ = {isa = PBXFileReference; explicitFileType = wrapper.cfbundle; includeInIndex = 0; path = AutolayoutMulUITests.xctest; sourceTree = BUILT_PRODUCTS_DIR; };
		E7FA71201CBC9A2900C74D1B /* AutolayoutMulUITests.m */ = {isa = PBXFileReference; lastKnownFileType = sourcecode.c.objc; path = AutolayoutMulUITests.m; sourceTree = "<group>"; };
		E7FA71221CBC9A2900C74D1B /* Info.plist */ = {isa = PBXFileReference; lastKnownFileType = text.plist.xml; path = Info.plist; sourceTree = "<group>"; };
		E7FA712E1CBD2D8E00C74D1B /* TableViewController.h */ = {isa = PBXFileReference; fileEncoding = 4; lastKnownFileType = sourcecode.c.h; path = TableViewController.h; sourceTree = "<group>"; };
		E7FA712F1CBD2D8E00C74D1B /* TableViewController.m */ = {isa = PBXFileReference; fileEncoding = 4; lastKnownFileType = sourcecode.c.objc; path = TableViewController.m; sourceTree = "<group>"; };
		E7FA71331CBE51D200C74D1B /* MBButtonWithFontAdapter.h */ = {isa = PBXFileReference; fileEncoding = 4; lastKnownFileType = sourcecode.c.h; path = MBButtonWithFontAdapter.h; sourceTree = "<group>"; };
		E7FA71341CBE51D200C74D1B /* MBButtonWithFontAdapter.m */ = {isa = PBXFileReference; fileEncoding = 4; lastKnownFileType = sourcecode.c.objc; path = MBButtonWithFontAdapter.m; sourceTree = "<group>"; };
		E7FA71351CBE51D200C74D1B /* MBLabelWithFontAdapter.h */ = {isa = PBXFileReference; fileEncoding = 4; lastKnownFileType = sourcecode.c.h; path = MBLabelWithFontAdapter.h; sourceTree = "<group>"; };
		E7FA71361CBE51D200C74D1B /* MBLabelWithFontAdapter.m */ = {isa = PBXFileReference; fileEncoding = 4; lastKnownFileType = sourcecode.c.objc; path = MBLabelWithFontAdapter.m; sourceTree = "<group>"; };
		E7FA71371CBE51D200C74D1B /* MBTextFieldWithFontAdapter.h */ = {isa = PBXFileReference; fileEncoding = 4; lastKnownFileType = sourcecode.c.h; path = MBTextFieldWithFontAdapter.h; sourceTree = "<group>"; };
		E7FA71381CBE51D200C74D1B /* MBTextFieldWithFontAdapter.m */ = {isa = PBXFileReference; fileEncoding = 4; lastKnownFileType = sourcecode.c.objc; path = MBTextFieldWithFontAdapter.m; sourceTree = "<group>"; };
		E7FA71391CBE51D200C74D1B /* MBTextViewWithFontAdapter.h */ = {isa = PBXFileReference; fileEncoding = 4; lastKnownFileType = sourcecode.c.h; path = MBTextViewWithFontAdapter.h; sourceTree = "<group>"; };
		E7FA713A1CBE51D200C74D1B /* MBTextViewWithFontAdapter.m */ = {isa = PBXFileReference; fileEncoding = 4; lastKnownFileType = sourcecode.c.objc; path = MBTextViewWithFontAdapter.m; sourceTree = "<group>"; };
		E7FA713C1CBE51D200C74D1B /* MBFontAdapter.h */ = {isa = PBXFileReference; fileEncoding = 4; lastKnownFileType = sourcecode.c.h; path = MBFontAdapter.h; sourceTree = "<group>"; };
		E7FA713D1CBE51D200C74D1B /* MBFontAdapter.m */ = {isa = PBXFileReference; fileEncoding = 4; lastKnownFileType = sourcecode.c.objc; path = MBFontAdapter.m; sourceTree = "<group>"; };
/* End PBXFileReference section */

/* Begin PBXFrameworksBuildPhase section */
		E7FA70F51CBC9A2900C74D1B /* Frameworks */ = {
			isa = PBXFrameworksBuildPhase;
			buildActionMask = 2147483647;
			files = (
			);
			runOnlyForDeploymentPostprocessing = 0;
		};
		E7FA710E1CBC9A2900C74D1B /* Frameworks */ = {
			isa = PBXFrameworksBuildPhase;
			buildActionMask = 2147483647;
			files = (
			);
			runOnlyForDeploymentPostprocessing = 0;
		};
		E7FA71191CBC9A2900C74D1B /* Frameworks */ = {
			isa = PBXFrameworksBuildPhase;
			buildActionMask = 2147483647;
			files = (
			);
			runOnlyForDeploymentPostprocessing = 0;
		};
/* End PBXFrameworksBuildPhase section */

/* Begin PBXGroup section */
		E7FA70EF1CBC9A2900C74D1B = {
			isa = PBXGroup;
			children = (
				E7FA70FA1CBC9A2900C74D1B /* AutolayoutMul */,
				E7FA71141CBC9A2900C74D1B /* AutolayoutMulTests */,
				E7FA711F1CBC9A2900C74D1B /* AutolayoutMulUITests */,
				E7FA70F91CBC9A2900C74D1B /* Products */,
			);
			sourceTree = "<group>";
		};
		E7FA70F91CBC9A2900C74D1B /* Products */ = {
			isa = PBXGroup;
			children = (
				E7FA70F81CBC9A2900C74D1B /* AutolayoutMul.app */,
				E7FA71111CBC9A2900C74D1B /* AutolayoutMulTests.xctest */,
				E7FA711C1CBC9A2900C74D1B /* AutolayoutMulUITests.xctest */,
			);
			name = Products;
			sourceTree = "<group>";
		};
		E7FA70FA1CBC9A2900C74D1B /* AutolayoutMul */ = {
			isa = PBXGroup;
			children = (
				E7FA71311CBE51D200C74D1B /* MBFontAdapter */,
				E7FA70FE1CBC9A2900C74D1B /* AppDelegate.h */,
				E7FA70FF1CBC9A2900C74D1B /* AppDelegate.m */,
				E7FA71011CBC9A2900C74D1B /* ViewController.h */,
				E7FA71021CBC9A2900C74D1B /* ViewController.m */,
				E7FA71041CBC9A2900C74D1B /* Main.storyboard */,
				E7FA712E1CBD2D8E00C74D1B /* TableViewController.h */,
				E7FA712F1CBD2D8E00C74D1B /* TableViewController.m */,
				E7FA71071CBC9A2900C74D1B /* Assets.xcassets */,
				E7FA71091CBC9A2900C74D1B /* LaunchScreen.storyboard */,
				E7FA710C1CBC9A2900C74D1B /* Info.plist */,
				E7FA70FB1CBC9A2900C74D1B /* Supporting Files */,
			);
			path = AutolayoutMul;
			sourceTree = "<group>";
		};
		E7FA70FB1CBC9A2900C74D1B /* Supporting Files */ = {
			isa = PBXGroup;
			children = (
				E7FA70FC1CBC9A2900C74D1B /* main.m */,
			);
			name = "Supporting Files";
			sourceTree = "<group>";
		};
		E7FA71141CBC9A2900C74D1B /* AutolayoutMulTests */ = {
			isa = PBXGroup;
			children = (
				E7FA71151CBC9A2900C74D1B /* AutolayoutMulTests.m */,
				E7FA71171CBC9A2900C74D1B /* Info.plist */,
			);
			path = AutolayoutMulTests;
			sourceTree = "<group>";
		};
		E7FA711F1CBC9A2900C74D1B /* AutolayoutMulUITests */ = {
			isa = PBXGroup;
			children = (
				E7FA71201CBC9A2900C74D1B /* AutolayoutMulUITests.m */,
				E7FA71221CBC9A2900C74D1B /* Info.plist */,
			);
			path = AutolayoutMulUITests;
			sourceTree = "<group>";
		};
		E7FA71311CBE51D200C74D1B /* MBFontAdapter */ = {
			isa = PBXGroup;
			children = (
				E7FA71321CBE51D200C74D1B /* control */,
				E7FA713B1CBE51D200C74D1B /* util */,
			);
			path = MBFontAdapter;
			sourceTree = "<group>";
		};
		E7FA71321CBE51D200C74D1B /* control */ = {
			isa = PBXGroup;
			children = (
				E7FA71331CBE51D200C74D1B /* MBButtonWithFontAdapter.h */,
				E7FA71341CBE51D200C74D1B /* MBButtonWithFontAdapter.m */,
				E7FA71351CBE51D200C74D1B /* MBLabelWithFontAdapter.h */,
				E7FA71361CBE51D200C74D1B /* MBLabelWithFontAdapter.m */,
				E7FA71371CBE51D200C74D1B /* MBTextFieldWithFontAdapter.h */,
				E7FA71381CBE51D200C74D1B /* MBTextFieldWithFontAdapter.m */,
				E7FA71391CBE51D200C74D1B /* MBTextViewWithFontAdapter.h */,
				E7FA713A1CBE51D200C74D1B /* MBTextViewWithFontAdapter.m */,
			);
			path = control;
			sourceTree = "<group>";
		};
		E7FA713B1CBE51D200C74D1B /* util */ = {
			isa = PBXGroup;
			children = (
				E7FA713C1CBE51D200C74D1B /* MBFontAdapter.h */,
				E7FA713D1CBE51D200C74D1B /* MBFontAdapter.m */,
			);
			path = util;
			sourceTree = "<group>";
		};
/* End PBXGroup section */

/* Begin PBXNativeTarget section */
		E7FA70F71CBC9A2900C74D1B /* AutolayoutMul */ = {
			isa = PBXNativeTarget;
			buildConfigurationList = E7FA71251CBC9A2900C74D1B /* Build configuration list for PBXNativeTarget "AutolayoutMul" */;
			buildPhases = (
				E7FA70F41CBC9A2900C74D1B /* Sources */,
				E7FA70F51CBC9A2900C74D1B /* Frameworks */,
				E7FA70F61CBC9A2900C74D1B /* Resources */,
			);
			buildRules = (
			);
			dependencies = (
			);
			name = AutolayoutMul;
			productName = AutolayoutMul;
			productReference = E7FA70F81CBC9A2900C74D1B /* AutolayoutMul.app */;
			productType = "com.apple.product-type.application";
		};
		E7FA71101CBC9A2900C74D1B /* AutolayoutMulTests */ = {
			isa = PBXNativeTarget;
			buildConfigurationList = E7FA71281CBC9A2900C74D1B /* Build configuration list for PBXNativeTarget "AutolayoutMulTests" */;
			buildPhases = (
				E7FA710D1CBC9A2900C74D1B /* Sources */,
				E7FA710E1CBC9A2900C74D1B /* Frameworks */,
				E7FA710F1CBC9A2900C74D1B /* Resources */,
			);
			buildRules = (
			);
			dependencies = (
				E7FA71131CBC9A2900C74D1B /* PBXTargetDependency */,
			);
			name = AutolayoutMulTests;
			productName = AutolayoutMulTests;
			productReference = E7FA71111CBC9A2900C74D1B /* AutolayoutMulTests.xctest */;
			productType = "com.apple.product-type.bundle.unit-test";
		};
		E7FA711B1CBC9A2900C74D1B /* AutolayoutMulUITests */ = {
			isa = PBXNativeTarget;
			buildConfigurationList = E7FA712B1CBC9A2900C74D1B /* Build configuration list for PBXNativeTarget "AutolayoutMulUITests" */;
			buildPhases = (
				E7FA71181CBC9A2900C74D1B /* Sources */,
				E7FA71191CBC9A2900C74D1B /* Frameworks */,
				E7FA711A1CBC9A2900C74D1B /* Resources */,
			);
			buildRules = (
			);
			dependencies = (
				E7FA711E1CBC9A2900C74D1B /* PBXTargetDependency */,
			);
			name = AutolayoutMulUITests;
			productName = AutolayoutMulUITests;
			productReference = E7FA711C1CBC9A2900C74D1B /* AutolayoutMulUITests.xctest */;
			productType = "com.apple.product-type.bundle.ui-testing";
		};
/* End PBXNativeTarget section */

/* Begin PBXProject section */
		E7FA70F01CBC9A2900C74D1B /* Project object */ = {
			isa = PBXProject;
			attributes = {
				LastUpgradeCheck = 0730;
				ORGANIZATIONNAME = "庞龙";
				TargetAttributes = {
					E7FA70F71CBC9A2900C74D1B = {
						CreatedOnToolsVersion = 7.3;
						DevelopmentTeam = 6Z93Q435CD;
					};
					E7FA71101CBC9A2900C74D1B = {
						CreatedOnToolsVersion = 7.3;
						DevelopmentTeam = 6Z93Q435CD;
						TestTargetID = E7FA70F71CBC9A2900C74D1B;
					};
					E7FA711B1CBC9A2900C74D1B = {
						CreatedOnToolsVersion = 7.3;
						DevelopmentTeam = 6Z93Q435CD;
						TestTargetID = E7FA70F71CBC9A2900C74D1B;
					};
				};
			};
			buildConfigurationList = E7FA70F31CBC9A2900C74D1B /* Build configuration list for PBXProject "AutolayoutMul" */;
			compatibilityVersion = "Xcode 3.2";
			developmentRegion = English;
			hasScannedForEncodings = 0;
			knownRegions = (
				en,
				Base,
			);
			mainGroup = E7FA70EF1CBC9A2900C74D1B;
			productRefGroup = E7FA70F91CBC9A2900C74D1B /* Products */;
			projectDirPath = "";
			projectRoot = "";
			targets = (
				E7FA70F71CBC9A2900C74D1B /* AutolayoutMul */,
				E7FA71101CBC9A2900C74D1B /* AutolayoutMulTests */,
				E7FA711B1CBC9A2900C74D1B /* AutolayoutMulUITests */,
			);
		};
/* End PBXProject section */

/* Begin PBXResourcesBuildPhase section */
		E7FA70F61CBC9A2900C74D1B /* Resources */ = {
			isa = PBXResourcesBuildPhase;
			buildActionMask = 2147483647;
			files = (
				E7FA710B1CBC9A2900C74D1B /* LaunchScreen.storyboard in Resources */,
				E7FA71081CBC9A2900C74D1B /* Assets.xcassets in Resources */,
				E7FA71061CBC9A2900C74D1B /* Main.storyboard in Resources */,
			);
			runOnlyForDeploymentPostprocessing = 0;
		};
		E7FA710F1CBC9A2900C74D1B /* Resources */ = {
			isa = PBXResourcesBuildPhase;
			buildActionMask = 2147483647;
			files = (
			);
			runOnlyForDeploymentPostprocessing = 0;
		};
		E7FA711A1CBC9A2900C74D1B /* Resources */ = {
			isa = PBXResourcesBuildPhase;
			buildActionMask = 2147483647;
			files = (
			);
			runOnlyForDeploymentPostprocessing = 0;
		};
/* End PBXResourcesBuildPhase section */

/* Begin PBXSourcesBuildPhase section */
		E7FA70F41CBC9A2900C74D1B /* Sources */ = {
			isa = PBXSourcesBuildPhase;
			buildActionMask = 2147483647;
			files = (
				E7FA71031CBC9A2900C74D1B /* ViewController.m in Sources */,
				E7FA71411CBE51D200C74D1B /* MBTextViewWithFontAdapter.m in Sources */,
				E7FA71001CBC9A2900C74D1B /* AppDelegate.m in Sources */,
				E7FA70FD1CBC9A2900C74D1B /* main.m in Sources */,
				E7FA713E1CBE51D200C74D1B /* MBButtonWithFontAdapter.m in Sources */,
				E7FA71421CBE51D200C74D1B /* MBFontAdapter.m in Sources */,
				E7FA713F1CBE51D200C74D1B /* MBLabelWithFontAdapter.m in Sources */,
				E7FA71401CBE51D200C74D1B /* MBTextFieldWithFontAdapter.m in Sources */,
				E7FA71301CBD2D8E00C74D1B /* TableViewController.m in Sources */,
			);
			runOnlyForDeploymentPostprocessing = 0;
		};
		E7FA710D1CBC9A2900C74D1B /* Sources */ = {
			isa = PBXSourcesBuildPhase;
			buildActionMask = 2147483647;
			files = (
				E7FA71161CBC9A2900C74D1B /* AutolayoutMulTests.m in Sources */,
			);
			runOnlyForDeploymentPostprocessing = 0;
		};
		E7FA71181CBC9A2900C74D1B /* Sources */ = {
			isa = PBXSourcesBuildPhase;
			buildActionMask = 2147483647;
			files = (
				E7FA71211CBC9A2900C74D1B /* AutolayoutMulUITests.m in Sources */,
			);
			runOnlyForDeploymentPostprocessing = 0;
		};
/* End PBXSourcesBuildPhase section */

/* Begin PBXTargetDependency section */
		E7FA71131CBC9A2900C74D1B /* PBXTargetDependency */ = {
			isa = PBXTargetDependency;
			target = E7FA70F71CBC9A2900C74D1B /* AutolayoutMul */;
			targetProxy = E7FA71121CBC9A2900C74D1B /* PBXContainerItemProxy */;
		};
		E7FA711E1CBC9A2900C74D1B /* PBXTargetDependency */ = {
			isa = PBXTargetDependency;
			target = E7FA70F71CBC9A2900C74D1B /* AutolayoutMul */;
			targetProxy = E7FA711D1CBC9A2900C74D1B /* PBXContainerItemProxy */;
		};
/* End PBXTargetDependency section */

/* Begin PBXVariantGroup section */
		E7FA71041CBC9A2900C74D1B /* Main.storyboard */ = {
			isa = PBXVariantGroup;
			children = (
				E7FA71051CBC9A2900C74D1B /* Base */,
			);
			name = Main.storyboard;
			sourceTree = "<group>";
		};
		E7FA71091CBC9A2900C74D1B /* LaunchScreen.storyboard */ = {
			isa = PBXVariantGroup;
			children = (
				E7FA710A1CBC9A2900C74D1B /* Base */,
			);
			name = LaunchScreen.storyboard;
			sourceTree = "<group>";
		};
/* End PBXVariantGroup section */

/* Begin XCBuildConfiguration section */
		E7FA71231CBC9A2900C74D1B /* Debug */ = {
			isa = XCBuildConfiguration;
			buildSettings = {
				ALWAYS_SEARCH_USER_PATHS = NO;
				CLANG_ANALYZER_NONNULL = YES;
				CLANG_CXX_LANGUAGE_STANDARD = "gnu++0x";
				CLANG_CXX_LIBRARY = "libc++";
				CLANG_ENABLE_MODULES = YES;
				CLANG_ENABLE_OBJC_ARC = YES;
				CLANG_WARN_BOOL_CONVERSION = YES;
				CLANG_WARN_CONSTANT_CONVERSION = YES;
				CLANG_WARN_DIRECT_OBJC_ISA_USAGE = YES_ERROR;
				CLANG_WARN_EMPTY_BODY = YES;
				CLANG_WARN_ENUM_CONVERSION = YES;
				CLANG_WARN_INT_CONVERSION = YES;
				CLANG_WARN_OBJC_ROOT_CLASS = YES_ERROR;
				CLANG_WARN_UNREACHABLE_CODE = YES;
				CLANG_WARN__DUPLICATE_METHOD_MATCH = YES;
				"CODE_SIGN_IDENTITY[sdk=iphoneos*]" = "iPhone Developer";
				COPY_PHASE_STRIP = NO;
				DEBUG_INFORMATION_FORMAT = dwarf;
				ENABLE_STRICT_OBJC_MSGSEND = YES;
				ENABLE_TESTABILITY = YES;
				GCC_C_LANGUAGE_STANDARD = gnu99;
				GCC_DYNAMIC_NO_PIC = NO;
				GCC_NO_COMMON_BLOCKS = YES;
				GCC_OPTIMIZATION_LEVEL = 0;
				GCC_PREPROCESSOR_DEFINITIONS = (
					"DEBUG=1",
					"$(inherited)",
				);
				GCC_WARN_64_TO_32_BIT_CONVERSION = YES;
				GCC_WARN_ABOUT_RETURN_TYPE = YES_ERROR;
				GCC_WARN_UNDECLARED_SELECTOR = YES;
				GCC_WARN_UNINITIALIZED_AUTOS = YES_AGGRESSIVE;
				GCC_WARN_UNUSED_FUNCTION = YES;
				GCC_WARN_UNUSED_VARIABLE = YES;
				IPHONEOS_DEPLOYMENT_TARGET = 9.3;
				MTL_ENABLE_DEBUG_INFO = YES;
				ONLY_ACTIVE_ARCH = YES;
				SDKROOT = iphoneos;
			};
			name = Debug;
		};
		E7FA71241CBC9A2900C74D1B /* Release */ = {
			isa = XCBuildConfiguration;
			buildSettings = {
				ALWAYS_SEARCH_USER_PATHS = NO;
				CLANG_ANALYZER_NONNULL = YES;
				CLANG_CXX_LANGUAGE_STANDARD = "gnu++0x";
				CLANG_CXX_LIBRARY = "libc++";
				CLANG_ENABLE_MODULES = YES;
				CLANG_ENABLE_OBJC_ARC = YES;
				CLANG_WARN_BOOL_CONVERSION = YES;
				CLANG_WARN_CONSTANT_CONVERSION = YES;
				CLANG_WARN_DIRECT_OBJC_ISA_USAGE = YES_ERROR;
				CLANG_WARN_EMPTY_BODY = YES;
				CLANG_WARN_ENUM_CONVERSION = YES;
				CLANG_WARN_INT_CONVERSION = YES;
				CLANG_WARN_OBJC_ROOT_CLASS = YES_ERROR;
				CLANG_WARN_UNREACHABLE_CODE = YES;
				CLANG_WARN__DUPLICATE_METHOD_MATCH = YES;
				"CODE_SIGN_IDENTITY[sdk=iphoneos*]" = "iPhone Developer";
				COPY_PHASE_STRIP = NO;
				DEBUG_INFORMATION_FORMAT = "dwarf-with-dsym";
				ENABLE_NS_ASSERTIONS = NO;
				ENABLE_STRICT_OBJC_MSGSEND = YES;
				GCC_C_LANGUAGE_STANDARD = gnu99;
				GCC_NO_COMMON_BLOCKS = YES;
				GCC_WARN_64_TO_32_BIT_CONVERSION = YES;
				GCC_WARN_ABOUT_RETURN_TYPE = YES_ERROR;
				GCC_WARN_UNDECLARED_SELECTOR = YES;
				GCC_WARN_UNINITIALIZED_AUTOS = YES_AGGRESSIVE;
				GCC_WARN_UNUSED_FUNCTION = YES;
				GCC_WARN_UNUSED_VARIABLE = YES;
				IPHONEOS_DEPLOYMENT_TARGET = 9.3;
				MTL_ENABLE_DEBUG_INFO = NO;
				SDKROOT = iphoneos;
				VALIDATE_PRODUCT = YES;
			};
			name = Release;
		};
		E7FA71261CBC9A2900C74D1B /* Debug */ = {
			isa = XCBuildConfiguration;
			buildSettings = {
				ASSETCATALOG_COMPILER_APPICON_NAME = AppIcon;
				INFOPLIST_FILE = AutolayoutMul/Info.plist;
				LD_RUNPATH_SEARCH_PATHS = "$(inherited) @executable_path/Frameworks";
				PRODUCT_BUNDLE_IDENTIFIER = com.pl.AutolayoutMul;
				PRODUCT_NAME = "$(TARGET_NAME)";
			};
			name = Debug;
		};
		E7FA71271CBC9A2900C74D1B /* Release */ = {
			isa = XCBuildConfiguration;
			buildSettings = {
				ASSETCATALOG_COMPILER_APPICON_NAME = AppIcon;
				INFOPLIST_FILE = AutolayoutMul/Info.plist;
				LD_RUNPATH_SEARCH_PATHS = "$(inherited) @executable_path/Frameworks";
				PRODUCT_BUNDLE_IDENTIFIER = com.pl.AutolayoutMul;
				PRODUCT_NAME = "$(TARGET_NAME)";
			};
			name = Release;
		};
		E7FA71291CBC9A2900C74D1B /* Debug */ = {
			isa = XCBuildConfiguration;
			buildSettings = {
				BUNDLE_LOADER = "$(TEST_HOST)";
				INFOPLIST_FILE = AutolayoutMulTests/Info.plist;
				LD_RUNPATH_SEARCH_PATHS = "$(inherited) @executable_path/Frameworks @loader_path/Frameworks";
				PRODUCT_BUNDLE_IDENTIFIER = com.pl.AutolayoutMulTests;
				PRODUCT_NAME = "$(TARGET_NAME)";
				TEST_HOST = "$(BUILT_PRODUCTS_DIR)/AutolayoutMul.app/AutolayoutMul";
			};
			name = Debug;
		};
		E7FA712A1CBC9A2900C74D1B /* Release */ = {
			isa = XCBuildConfiguration;
			buildSettings = {
				BUNDLE_LOADER = "$(TEST_HOST)";
				INFOPLIST_FILE = AutolayoutMulTests/Info.plist;
				LD_RUNPATH_SEARCH_PATHS = "$(inherited) @executable_path/Frameworks @loader_path/Frameworks";
				PRODUCT_BUNDLE_IDENTIFIER = com.pl.AutolayoutMulTests;
				PRODUCT_NAME = "$(TARGET_NAME)";
				TEST_HOST = "$(BUILT_PRODUCTS_DIR)/AutolayoutMul.app/AutolayoutMul";
			};
			name = Release;
		};
		E7FA712C1CBC9A2900C74D1B /* Debug */ = {
			isa = XCBuildConfiguration;
			buildSettings = {
				INFOPLIST_FILE = AutolayoutMulUITests/Info.plist;
				LD_RUNPATH_SEARCH_PATHS = "$(inherited) @executable_path/Frameworks @loader_path/Frameworks";
				PRODUCT_BUNDLE_IDENTIFIER = com.pl.AutolayoutMulUITests;
				PRODUCT_NAME = "$(TARGET_NAME)";
				TEST_TARGET_NAME = AutolayoutMul;
			};
			name = Debug;
		};
		E7FA712D1CBC9A2900C74D1B /* Release */ = {
			isa = XCBuildConfiguration;
			buildSettings = {
				INFOPLIST_FILE = AutolayoutMulUITests/Info.plist;
				LD_RUNPATH_SEARCH_PATHS = "$(inherited) @executable_path/Frameworks @loader_path/Frameworks";
				PRODUCT_BUNDLE_IDENTIFIER = com.pl.AutolayoutMulUITests;
				PRODUCT_NAME = "$(TARGET_NAME)";
				TEST_TARGET_NAME = AutolayoutMul;
			};
			name = Release;
		};
/* End XCBuildConfiguration section */

/* Begin XCConfigurationList section */
		E7FA70F31CBC9A2900C74D1B /* Build configuration list for PBXProject "AutolayoutMul" */ = {
			isa = XCConfigurationList;
			buildConfigurations = (
				E7FA71231CBC9A2900C74D1B /* Debug */,
				E7FA71241CBC9A2900C74D1B /* Release */,
			);
			defaultConfigurationIsVisible = 0;
			defaultConfigurationName = Release;
		};
		E7FA71251CBC9A2900C74D1B /* Build configuration list for PBXNativeTarget "AutolayoutMul" */ = {
			isa = XCConfigurationList;
			buildConfigurations = (
				E7FA71261CBC9A2900C74D1B /* Debug */,
				E7FA71271CBC9A2900C74D1B /* Release */,
			);
			defaultConfigurationIsVisible = 0;
			defaultConfigurationName = Release;
		};
		E7FA71281CBC9A2900C74D1B /* Build configuration list for PBXNativeTarget "AutolayoutMulTests" */ = {
			isa = XCConfigurationList;
			buildConfigurations = (
				E7FA71291CBC9A2900C74D1B /* Debug */,
				E7FA712A1CBC9A2900C74D1B /* Release */,
			);
			defaultConfigurationIsVisible = 0;
			defaultConfigurationName = Release;
		};
		E7FA712B1CBC9A2900C74D1B /* Build configuration list for PBXNativeTarget "AutolayoutMulUITests" */ = {
			isa = XCConfigurationList;
			buildConfigurations = (
				E7FA712C1CBC9A2900C74D1B /* Debug */,
				E7FA712D1CBC9A2900C74D1B /* Release */,
			);
			defaultConfigurationIsVisible = 0;
			defaultConfigurationName = Release;
		};
/* End XCConfigurationList section */
	};
	rootObject = E7FA70F01CBC9A2900C74D1B /* Project object */;
}
